
Microsoft Visual Studio Solution File, Format Version 12.00
# Visual Studio Version 16
VisualStudioVersion = 16.0.808.4
MinimumVisualStudioVersion = 10.0.40219.1
Project("{FAE04EC0-301F-11D3-BF4B-00C04F79EFBC}") = "webbdm_verse_of_the_day", "webbdm_verse_of_the_day\webbdm_verse_of_the_day.csproj", "{225F4DC6-20F1-4385-B7A1-761F842D6475}"
EndProject
Global
	GlobalSection(SolutionConfigurationPlatforms) = preSolution
		Debug|Any CPU = Debug|Any CPU
		Release|Any CPU = Release|Any CPU
	EndGlobalSection
	GlobalSection(ProjectConfigurationPlatforms) = postSolution
		{225F4DC6-20F1-4385-B7A1-761F842D6475}.Debug|Any CPU.ActiveCfg = Debug|Any CPU
		{225F4DC6-20F1-4385-B7A1-761F842D6475}.Debug|Any CPU.Build.0 = Debug|Any CPU
		{225F4DC6-20F1-4385-B7A1-761F842D6475}.Release|Any CPU.ActiveCfg = Release|Any CPU
		{225F4DC6-20F1-4385-B7A1-761F842D6475}.Release|Any CPU.Build.0 = Release|Any CPU
	EndGlobalSection
	GlobalSection(SolutionProperties) = preSolution
		HideSolutionNode = FALSE
	EndGlobalSection
	GlobalSection(ExtensibilityGlobals) = postSolution
		SolutionGuid = {1A60A8F2-A4AC-47F4-8744-C5944E05E46A}
	EndGlobalSection
EndGlobal
